<?xml version="1.0" encoding="utf-8"?>
<Project ToolsVersion="4.0" xmlns="http://schemas.microsoft.com/developer/msbuild/2003">
  <ItemGroup>
    <Filter Include="Source Files">
      <UniqueIdentifier>{4FC737F1-C7A5-4376-A066-2A32D752A2FF}</UniqueIdentifier>
      <Extensions>cpp;c;cc;cxx;def;odl;idl;hpj;bat;asm;asmx</Extensions>
    </Filter>
    <Filter Include="Header Files">
      <UniqueIdentifier>{93995380-89BD-4b04-88EB-625FBE52EBFB}</UniqueIdentifier>
      <Extensions>h;hh;hpp;hxx;hm;inl;inc;xsd</Extensions>
    </Filter>
    <Filter Include="Header Files\RenderingEngine">
      <UniqueIdentifier>{91690956-dbad-4d6b-a118-dbfa74f7a5a4}</UniqueIdentifier>
    </Filter>
    <Filter Include="Source Files\RenderingEngineSrc">
      <UniqueIdentifier>{cf56c4ef-2285-490d-84d9-15f8bb2282d2}</UniqueIdentifier>
    </Filter>
    <Filter Include="Source Files\RenderingEngineSrc\NLREMainSrc">
      <UniqueIdentifier>{4a67f3a9-581d-4b72-9609-61338c30e35f}</UniqueIdentifier>
    </Filter>
    <Filter Include="Source Files\RenderingEngineSrc\RenderingDeviceSrc">
      <UniqueIdentifier>{fde21368-66df-4121-aa63-7aef650e1d38}</UniqueIdentifier>
    </Filter>
    <Filter Include="Source Files\RenderingEngineSrc\RenderingDeviceSrc\DX11Device">
      <UniqueIdentifier>{39ce30c8-a21c-4ed3-9f79-af393301f5dd}</UniqueIdentifier>
    </Filter>
    <Filter Include="Source Files\RenderingEngineSrc\RenderingDeviceSrc\DX11Device\Shaders">
      <UniqueIdentifier>{713249b8-4cf3-4ba0-8369-2b734fa123d9}</UniqueIdentifier>
    </Filter>
    <Filter Include="Source Files\RenderingEngineSrc\ResourceLoaderSrc">
      <UniqueIdentifier>{afd4480c-f316-47b4-a50a-744be13159c7}</UniqueIdentifier>
    </Filter>
    <Filter Include="Source Files\RenderingEngineSrc\SceneManagerSrc">
      <UniqueIdentifier>{8bfde228-a0ca-489b-96a8-3a876bff9555}</UniqueIdentifier>
    </Filter>
    <Filter Include="Header Files\RenderingEngine\NLREMain">
      <UniqueIdentifier>{6be77f85-a601-455b-935a-17a6db5228b2}</UniqueIdentifier>
    </Filter>
    <Filter Include="Header Files\RenderingEngine\RenderingDevice">
      <UniqueIdentifier>{ff0108a1-e343-40d3-9d85-7f18e1892937}</UniqueIdentifier>
    </Filter>
    <Filter Include="Header Files\RenderingEngine\RenderingDevice\DX11Device">
      <UniqueIdentifier>{d1d5c9ed-c501-42db-8b4b-900eef235a12}</UniqueIdentifier>
    </Filter>
    <Filter Include="Header Files\RenderingEngine\ResourceLoader">
      <UniqueIdentifier>{ba3cada5-c953-4ff8-8a6f-fa0fcde1f47a}</UniqueIdentifier>
    </Filter>
    <Filter Include="Header Files\RenderingEngine\SceneManager">
      <UniqueIdentifier>{1eba17ed-d164-4495-9ed6-976c0932ee64}</UniqueIdentifier>
    </Filter>
    <Filter Include="Header Files\Math">
      <UniqueIdentifier>{2fdd5584-0bb5-421a-8917-4916430ebd21}</UniqueIdentifier>
    </Filter>
    <Filter Include="Header Files\Math\DXMath">
      <UniqueIdentifier>{5dbb3d82-ecdc-4450-810d-180b138f5ea1}</UniqueIdentifier>
    </Filter>
    <Filter Include="Header Files\InputProcessor">
      <UniqueIdentifier>{1fddf3f0-56be-499f-9419-4cbcc4089700}</UniqueIdentifier>
    </Filter>
    <Filter Include="Source Files\InputProcessorSrc">
      <UniqueIdentifier>{7fbc4ac6-1547-4424-8383-bb53c2c4a476}</UniqueIdentifier>
    </Filter>
  </ItemGroup>
  <ItemGroup>
    <ClInclude Include="..\include\math\DXMath\DXMathMatrixFunctions.h">
      <Filter>Header Files\Math\DXMath</Filter>
    </ClInclude>
    <ClInclude Include="..\include\math\DXMath\DXMathStructures.h">
      <Filter>Header Files\Math\DXMath</Filter>
    </ClInclude>
    <ClInclude Include="..\include\math\DXMath\DXMathVector4DFunctions.h">
      <Filter>Header Files\Math\DXMath</Filter>
    </ClInclude>
    <ClInclude Include="..\include\math\DXMath\DXMathWrap.h">
      <Filter>Header Files\Math\DXMath</Filter>
    </ClInclude>
    <ClInclude Include="..\include\math\DXMath\DXMathVectorLoadFunctions.h">
      <Filter>Header Files\Math\DXMath</Filter>
    </ClInclude>
    <ClInclude Include="..\include\math\DXMath\DXMathVectorStoreFunctions.h">
      <Filter>Header Files\Math\DXMath</Filter>
    </ClInclude>
    <ClInclude Include="..\include\math\DXMath\DXMathVector3DFunctions.h">
      <Filter>Header Files\Math\DXMath</Filter>
    </ClInclude>
    <ClInclude Include="..\include\math\DXMath\DXMathVectorArithmetic.h">
      <Filter>Header Files\Math\DXMath</Filter>
    </ClInclude>
    <ClInclude Include="..\include\math\DXMath\DXMathVectorAccessorFunctions.h">
      <Filter>Header Files\Math\DXMath</Filter>
    </ClInclude>
    <ClInclude Include="..\include\RenderingEngine\NLRE.h">
      <Filter>Header Files\RenderingEngine</Filter>
    </ClInclude>
    <ClInclude Include="..\include\RenderingEngine\NLREResources.h">
      <Filter>Header Files\RenderingEngine</Filter>
    </ClInclude>
    <ClInclude Include="..\include\RenderingEngine\NLREMain\NLREAlignedAllocator.h">
      <Filter>Header Files\RenderingEngine\NLREMain</Filter>
    </ClInclude>
    <ClInclude Include="..\include\RenderingEngine\NLREMain\NLRECommon.h">
      <Filter>Header Files\RenderingEngine\NLREMain</Filter>
    </ClInclude>
    <ClInclude Include="..\include\RenderingEngine\NLREMain\NLREConfigurator.h">
      <Filter>Header Files\RenderingEngine\NLREMain</Filter>
    </ClInclude>
    <ClInclude Include="..\include\RenderingEngine\NLREMain\NLRELog.h">
      <Filter>Header Files\RenderingEngine\NLREMain</Filter>
    </ClInclude>
    <ClInclude Include="..\include\RenderingEngine\NLREMain\NLREStatic.h">
      <Filter>Header Files\RenderingEngine\NLREMain</Filter>
    </ClInclude>
    <ClInclude Include="..\include\Math\NLEMath.h">
      <Filter>Header Files\RenderingEngine</Filter>
    </ClInclude>
    <ClInclude Include="..\include\RenderingEngine\RenderingDevice\NLREDeviceController.h">
      <Filter>Header Files\RenderingEngine\RenderingDevice</Filter>
    </ClInclude>
    <ClInclude Include="..\include\RenderingEngine\RenderingDevice\NLREForwardRT.h">
      <Filter>Header Files\RenderingEngine\RenderingDevice</Filter>
    </ClInclude>
    <ClInclude Include="..\include\RenderingEngine\RenderingDevice\NLREInputLayoutDescriptions.h">
      <Filter>Header Files\RenderingEngine\RenderingDevice</Filter>
    </ClInclude>
    <ClInclude Include="..\include\RenderingEngine\RenderingDevice\NLRERenderingDevice.h">
      <Filter>Header Files\RenderingEngine\RenderingDevice</Filter>
    </ClInclude>
    <ClInclude Include="..\include\RenderingEngine\RenderingDevice\NLRERenderingTechnique.h">
      <Filter>Header Files\RenderingEngine\RenderingDevice</Filter>
    </ClInclude>
    <ClInclude Include="..\include\RenderingEngine\RenderingDevice\NLREStreamSet.h">
      <Filter>Header Files\RenderingEngine\RenderingDevice</Filter>
    </ClInclude>
    <ClInclude Include="..\include\RenderingEngine\RenderingDevice\DX11Device\NLREDX11InputLayoutDescriptions.h">
      <Filter>Header Files\RenderingEngine\RenderingDevice\DX11Device</Filter>
    </ClInclude>
    <ClInclude Include="..\include\RenderingEngine\RenderingDevice\DX11Device\NLREDX11RenderingDevice.h">
      <Filter>Header Files\RenderingEngine\RenderingDevice\DX11Device</Filter>
    </ClInclude>
    <ClInclude Include="..\include\RenderingEngine\RenderingDevice\DX11Device\NLREDX11ResourceWrap.h">
      <Filter>Header Files\RenderingEngine\RenderingDevice\DX11Device</Filter>
    </ClInclude>
    <ClInclude Include="..\include\RenderingEngine\ResourceLoader\DDSTextureLoader.h">
      <Filter>Header Files\RenderingEngine\ResourceLoader</Filter>
    </ClInclude>
    <ClInclude Include="..\include\RenderingEngine\ResourceLoader\NLREAssetImporter.h">
      <Filter>Header Files\RenderingEngine\ResourceLoader</Filter>
    </ClInclude>
    <ClInclude Include="..\include\RenderingEngine\ResourceLoader\NLREAssetImporterBase.h">
      <Filter>Header Files\RenderingEngine\ResourceLoader</Filter>
    </ClInclude>
    <ClInclude Include="..\include\RenderingEngine\ResourceLoader\NLREAssimpAssetImporter.h">
      <Filter>Header Files\RenderingEngine\ResourceLoader</Filter>
    </ClInclude>
    <ClInclude Include="..\include\RenderingEngine\ResourceLoader\NLREDirectXTexTextureLoader.h">
      <Filter>Header Files\RenderingEngine\ResourceLoader</Filter>
    </ClInclude>
    <ClInclude Include="..\include\RenderingEngine\ResourceLoader\NLRETextureLoader.h">
      <Filter>Header Files\RenderingEngine\ResourceLoader</Filter>
    </ClInclude>
    <ClInclude Include="..\include\RenderingEngine\ResourceLoader\NLRETextureLoaderBase.h">
      <Filter>Header Files\RenderingEngine\ResourceLoader</Filter>
    </ClInclude>
    <ClInclude Include="..\include\RenderingEngine\ResourceLoader\WICTextureLoader.h">
      <Filter>Header Files\RenderingEngine\ResourceLoader</Filter>
    </ClInclude>
    <ClInclude Include="..\include\RenderingEngine\SceneManager\NLRECamera.h">
      <Filter>Header Files\RenderingEngine\SceneManager</Filter>
    </ClInclude>
    <ClInclude Include="..\include\RenderingEngine\SceneManager\NLRESceneManager.h">
      <Filter>Header Files\RenderingEngine\SceneManager</Filter>
    </ClInclude>
    <ClInclude Include="..\include\stdafx.h">
      <Filter>Header Files</Filter>
    </ClInclude>
    <ClInclude Include="..\include\NLE.h">
      <Filter>Header Files</Filter>
    </ClInclude>
    <ClInclude Include="..\include\NLELog.h">
      <Filter>Header Files</Filter>
    </ClInclude>
    <ClInclude Include="..\include\NLECommon.h">
      <Filter>Header Files</Filter>
    </ClInclude>
    <ClInclude Include="..\include\NLEConfigurator.h">
      <Filter>Header Files</Filter>
    </ClInclude>
    <ClInclude Include="..\include\NLEResources.h">
      <Filter>Header Files</Filter>
    </ClInclude>
    <ClInclude Include="..\include\InputProcessor\NLEInputProcessor.h">
      <Filter>Header Files\InputProcessor</Filter>
    </ClInclude>
  </ItemGroup>
  <ItemGroup>
    <None Include="..\include\math\DXMath\DXMathMatrixFunctions.inl">
      <Filter>Header Files\Math\DXMath</Filter>
    </None>
    <None Include="..\include\math\DXMath\DXMathVector3DFunctions.inl">
      <Filter>Header Files\Math\DXMath</Filter>
    </None>
    <None Include="..\include\math\DXMath\DXMathVector4DFunctions.inl">
      <Filter>Header Files\Math\DXMath</Filter>
    </None>
    <None Include="..\include\math\DXMath\DxMathVectorAccessorFunctions.inl">
      <Filter>Header Files\Math\DXMath</Filter>
    </None>
    <None Include="..\include\math\DXMath\DXMathVectorArithmetic.inl">
      <Filter>Header Files\Math\DXMath</Filter>
    </None>
    <None Include="..\include\math\DXMath\DXMathVectorLoadFunctions.inl">
      <Filter>Header Files\Math\DXMath</Filter>
    </None>
    <None Include="..\include\math\DXMath\DXMathVectorStoreFunctions.inl">
      <Filter>Header Files\Math\DXMath</Filter>
    </None>
    <None Include="..\include\RenderingEngine\RenderingDevice\DX11Device\NLREDX11RenderingDevice.inl">
      <Filter>Header Files\RenderingEngine\RenderingDevice\DX11Device</Filter>
    </None>
  </ItemGroup>
  <ItemGroup>
    <ClCompile Include="..\src\RenderingEngineSrc\NLRE.cpp">
      <Filter>Source Files\RenderingEngineSrc</Filter>
    </ClCompile>
    <ClCompile Include="..\src\RenderingEngineSrc\NLREMainSrc\NLRELog.cpp">
      <Filter>Source Files\RenderingEngineSrc\NLREMainSrc</Filter>
    </ClCompile>
    <ClCompile Include="..\src\RenderingEngineSrc\NLREMainSrc\NLREStatic.cpp">
      <Filter>Source Files\RenderingEngineSrc\NLREMainSrc</Filter>
    </ClCompile>
    <ClCompile Include="..\src\RenderingEngineSrc\RenderingDeviceSrc\NLREDeviceController.cpp">
      <Filter>Source Files\RenderingEngineSrc\RenderingDeviceSrc</Filter>
    </ClCompile>
    <ClCompile Include="..\src\RenderingEngineSrc\RenderingDeviceSrc\NLREForwardRT.cpp">
      <Filter>Source Files\RenderingEngineSrc\RenderingDeviceSrc</Filter>
    </ClCompile>
    <ClCompile Include="..\src\RenderingEngineSrc\RenderingDeviceSrc\DX11Device\NLREDX11InputLayoutDescriptions.cpp">
      <Filter>Source Files\RenderingEngineSrc\RenderingDeviceSrc\DX11Device</Filter>
    </ClCompile>
    <ClCompile Include="..\src\RenderingEngineSrc\RenderingDeviceSrc\DX11Device\NLREDX11RenderingDevice.cpp">
      <Filter>Source Files\RenderingEngineSrc\RenderingDeviceSrc\DX11Device</Filter>
    </ClCompile>
    <ClCompile Include="..\src\RenderingEngineSrc\ResourceLoaderSrc\DDSTextureLoader.cpp">
      <Filter>Source Files\RenderingEngineSrc\ResourceLoaderSrc</Filter>
    </ClCompile>
    <ClCompile Include="..\src\RenderingEngineSrc\ResourceLoaderSrc\NLREAssimpAssetImporter.cpp">
      <Filter>Source Files\RenderingEngineSrc\ResourceLoaderSrc</Filter>
    </ClCompile>
    <ClCompile Include="..\src\RenderingEngineSrc\ResourceLoaderSrc\NLREDirectXTexTextureLoader.cpp">
      <Filter>Source Files\RenderingEngineSrc\ResourceLoaderSrc</Filter>
    </ClCompile>
    <ClCompile Include="..\src\RenderingEngineSrc\ResourceLoaderSrc\WICTextureLoader.cpp">
      <Filter>Source Files\RenderingEngineSrc\ResourceLoaderSrc</Filter>
    </ClCompile>
    <ClCompile Include="..\src\RenderingEngineSrc\SceneManagerSrc\NLRECamera.cpp">
      <Filter>Source Files\RenderingEngineSrc\SceneManagerSrc</Filter>
    </ClCompile>
    <ClCompile Include="..\src\RenderingEngineSrc\SceneManagerSrc\NLRESceneManager.cpp">
      <Filter>Source Files\RenderingEngineSrc\SceneManagerSrc</Filter>
    </ClCompile>
    <ClCompile Include="..\src\stdafx.cpp">
      <Filter>Source Files</Filter>
    </ClCompile>
    <ClCompile Include="..\src\NLE.cpp">
      <Filter>Source Files</Filter>
    </ClCompile>
    <ClCompile Include="..\src\NLELog.cpp">
      <Filter>Source Files</Filter>
    </ClCompile>
    <ClCompile Include="..\src\NLEApplicationLayer.cpp">
      <Filter>Source Files</Filter>
    </ClCompile>
    <ClCompile Include="..\src\InputProcessorSrc\NLEInputProcessor.cpp">
      <Filter>Source Files\InputProcessorSrc</Filter>
    </ClCompile>
  </ItemGroup>
  <ItemGroup>
    <FxCompile Include="..\src\RenderingEngineSrc\RenderingDeviceSrc\DX11Device\Shaders\DeferredGBuff_TextNormal_BlinnPhong_PS.hlsl">
      <Filter>Source Files\RenderingEngineSrc\RenderingDeviceSrc\DX11Device\Shaders</Filter>
    </FxCompile>
    <FxCompile Include="..\src\RenderingEngineSrc\RenderingDeviceSrc\DX11Device\Shaders\DeferredGBuff_TextNormal_BlinnPhong_VS.hlsl">
      <Filter>Source Files\RenderingEngineSrc\RenderingDeviceSrc\DX11Device\Shaders</Filter>
    </FxCompile>
    <FxCompile Include="..\src\RenderingEngineSrc\RenderingDeviceSrc\DX11Device\Shaders\Forward_Pos_PS.hlsl">
      <Filter>Source Files\RenderingEngineSrc\RenderingDeviceSrc\DX11Device\Shaders</Filter>
    </FxCompile>
    <FxCompile Include="..\src\RenderingEngineSrc\RenderingDeviceSrc\DX11Device\Shaders\Forward_Pos_VS.hlsl">
      <Filter>Source Files\RenderingEngineSrc\RenderingDeviceSrc\DX11Device\Shaders</Filter>
    </FxCompile>
    <FxCompile Include="..\src\RenderingEngineSrc\RenderingDeviceSrc\DX11Device\Shaders\Forward_PosNormText_PS.hlsl">
      <Filter>Source Files\RenderingEngineSrc\RenderingDeviceSrc\DX11Device\Shaders</Filter>
    </FxCompile>
    <FxCompile Include="..\src\RenderingEngineSrc\RenderingDeviceSrc\DX11Device\Shaders\Forward_PosNormText_VS.hlsl">
      <Filter>Source Files\RenderingEngineSrc\RenderingDeviceSrc\DX11Device\Shaders</Filter>
    </FxCompile>
    <FxCompile Include="..\src\RenderingEngineSrc\RenderingDeviceSrc\DX11Device\Shaders\Forward_PosText_PS.hlsl">
      <Filter>Source Files\RenderingEngineSrc\RenderingDeviceSrc\DX11Device\Shaders</Filter>
    </FxCompile>
    <FxCompile Include="..\src\RenderingEngineSrc\RenderingDeviceSrc\DX11Device\Shaders\Forward_PosText_VS.hlsl">
      <Filter>Source Files\RenderingEngineSrc\RenderingDeviceSrc\DX11Device\Shaders</Filter>
    </FxCompile>
  </ItemGroup>
</Project>