<?xml version="1.0" encoding="utf-8"?>
<Project ToolsVersion="4.0" xmlns="http://schemas.microsoft.com/developer/msbuild/2003">
  <ItemGroup>
    <Filter Include="Source Files">
      <UniqueIdentifier>{4FC737F1-C7A5-4376-A066-2A32D752A2FF}</UniqueIdentifier>
      <Extensions>cpp;c;cc;cxx;def;odl;idl;hpj;bat;asm;asmx</Extensions>
    </Filter>
    <Filter Include="Header Files">
      <UniqueIdentifier>{93995380-89BD-4b04-88EB-625FBE52EBFB}</UniqueIdentifier>
      <Extensions>h;hh;hpp;hxx;hm;inl;inc;xsd</Extensions>
    </Filter>
    <Filter Include="Resource Files">
      <UniqueIdentifier>{67DA6AB6-F800-4c08-8B7A-83BB121AAD01}</UniqueIdentifier>
      <Extensions>rc;ico;cur;bmp;dlg;rc2;rct;bin;rgs;gif;jpg;jpeg;jpe;resx;tiff;tif;png;wav;mfcribbon-ms</Extensions>
    </Filter>
    <Filter Include="Header Files\NLREMain">
      <UniqueIdentifier>{6be77f85-a601-455b-935a-17a6db5228b2}</UniqueIdentifier>
    </Filter>
    <Filter Include="Header Files\math">
      <UniqueIdentifier>{2fdd5584-0bb5-421a-8917-4916430ebd21}</UniqueIdentifier>
    </Filter>
    <Filter Include="Header Files\math\DXMath">
      <UniqueIdentifier>{5dbb3d82-ecdc-4450-810d-180b138f5ea1}</UniqueIdentifier>
    </Filter>
    <Filter Include="Header Files\RenderingDevice">
      <UniqueIdentifier>{ff0108a1-e343-40d3-9d85-7f18e1892937}</UniqueIdentifier>
    </Filter>
    <Filter Include="Header Files\RenderingDevice\DX11Device">
      <UniqueIdentifier>{d1d5c9ed-c501-42db-8b4b-900eef235a12}</UniqueIdentifier>
    </Filter>
    <Filter Include="Source Files\MathSrc">
      <UniqueIdentifier>{46ec3148-6285-49ae-b7bc-5b382b83be5f}</UniqueIdentifier>
    </Filter>
    <Filter Include="Source Files\MathSrc\DXMath">
      <UniqueIdentifier>{9506c07c-365e-4b31-bc5a-8a772471ecb8}</UniqueIdentifier>
    </Filter>
    <Filter Include="Source Files\NLREMainSrc">
      <UniqueIdentifier>{4a67f3a9-581d-4b72-9609-61338c30e35f}</UniqueIdentifier>
    </Filter>
    <Filter Include="Source Files\RenderingDeviceSrc">
      <UniqueIdentifier>{fde21368-66df-4121-aa63-7aef650e1d38}</UniqueIdentifier>
    </Filter>
    <Filter Include="Source Files\RenderingDeviceSrc\DX11Device">
      <UniqueIdentifier>{39ce30c8-a21c-4ed3-9f79-af393301f5dd}</UniqueIdentifier>
    </Filter>
    <Filter Include="Source Files\RenderingDeviceSrc\DX11Device\Shaders">
      <UniqueIdentifier>{713249b8-4cf3-4ba0-8369-2b734fa123d9}</UniqueIdentifier>
    </Filter>
  </ItemGroup>
  <ItemGroup>
    <Text Include="ReadMe.txt" />
  </ItemGroup>
  <ItemGroup>
    <ClInclude Include="..\include\math\DXMath\DXMathMatrixFunctions.h">
      <Filter>Header Files\math\DXMath</Filter>
    </ClInclude>
    <ClInclude Include="..\include\math\DXMath\DXMathStructures.h">
      <Filter>Header Files\math\DXMath</Filter>
    </ClInclude>
    <ClInclude Include="..\include\math\DXMath\DXMathVector4DFunctions.h">
      <Filter>Header Files\math\DXMath</Filter>
    </ClInclude>
    <ClInclude Include="..\include\math\DXMath\DXMathWrap.h">
      <Filter>Header Files\math\DXMath</Filter>
    </ClInclude>
    <ClInclude Include="..\include\NLREMain\NLRECommon.h">
      <Filter>Header Files\NLREMain</Filter>
    </ClInclude>
    <ClInclude Include="..\include\NLREMain\NLREConfigurator.h">
      <Filter>Header Files\NLREMain</Filter>
    </ClInclude>
    <ClInclude Include="..\include\NLREMain\stdafx.h">
      <Filter>Header Files\NLREMain</Filter>
    </ClInclude>
    <ClInclude Include="..\include\NLEMath.h">
      <Filter>Header Files</Filter>
    </ClInclude>
    <ClInclude Include="..\include\NLRE.h">
      <Filter>Header Files</Filter>
    </ClInclude>
    <ClInclude Include="..\include\math\DXMath\DXMathVectorLoadFunctions.h">
      <Filter>Header Files\math\DXMath</Filter>
    </ClInclude>
    <ClInclude Include="..\include\math\DXMath\DXMathVectorStoreFunctions.h">
      <Filter>Header Files\math\DXMath</Filter>
    </ClInclude>
    <ClInclude Include="..\include\NLREMain\NLRELog.h">
      <Filter>Header Files\NLREMain</Filter>
    </ClInclude>
    <ClInclude Include="..\include\RenderingDevice\DX11Device\NLREDX11RenderingDevice.h">
      <Filter>Header Files\RenderingDevice\DX11Device</Filter>
    </ClInclude>
    <ClInclude Include="..\include\RenderingDevice\NLREDeviceController.h">
      <Filter>Header Files\RenderingDevice</Filter>
    </ClInclude>
    <ClInclude Include="..\include\RenderingDevice\NLRERenderingDevice.h">
      <Filter>Header Files\RenderingDevice</Filter>
    </ClInclude>
    <ClInclude Include="..\include\NLREResources.h">
      <Filter>Header Files</Filter>
    </ClInclude>
    <ClInclude Include="..\include\RenderingDevice\DX11Device\NLREDX11ResourceWrap.h">
      <Filter>Header Files\RenderingDevice\DX11Device</Filter>
    </ClInclude>
    <ClInclude Include="..\include\RenderingDevice\DX11Device\NLREDX11InputLayoutDescriptions.h">
      <Filter>Header Files\RenderingDevice\DX11Device</Filter>
    </ClInclude>
    <ClInclude Include="..\include\RenderingDevice\NLREInputLayoutDescriptions.h">
      <Filter>Header Files\RenderingDevice</Filter>
    </ClInclude>
    <ClInclude Include="..\include\RenderingDevice\NLREForwardRT.h">
      <Filter>Header Files\RenderingDevice</Filter>
    </ClInclude>
    <ClInclude Include="..\include\RenderingDevice\NLRERenderingTechnique.h">
      <Filter>Header Files\RenderingDevice</Filter>
    </ClInclude>
    <ClInclude Include="..\include\Container.h">
      <Filter>Header Files</Filter>
    </ClInclude>
  </ItemGroup>
  <ItemGroup>
    <None Include="..\src\MathSrc\DXMath\DXMathMatrixFunctions.inl">
      <Filter>Source Files\MathSrc\DXMath</Filter>
    </None>
    <None Include="..\src\MathSrc\DXMath\DXMathVector4DFunctions.inl">
      <Filter>Source Files\MathSrc\DXMath</Filter>
    </None>
    <None Include="..\src\MathSrc\DXMath\DXMathVectorLoadFunctions.inl">
      <Filter>Source Files\MathSrc\DXMath</Filter>
    </None>
    <None Include="..\src\MathSrc\DXMath\DXMathVectorStoreFunctions.inl">
      <Filter>Source Files\MathSrc\DXMath</Filter>
    </None>
    <None Include="..\src\RenderingDeviceSrc\DX11Device\NLREDX11RenderingDevice.inl">
      <Filter>Source Files\RenderingDeviceSrc\DX11Device</Filter>
    </None>
  </ItemGroup>
  <ItemGroup>
    <ClCompile Include="..\src\NLREMainSrc\NLRELog.cpp">
      <Filter>Source Files\NLREMainSrc</Filter>
    </ClCompile>
    <ClCompile Include="..\src\NLREMainSrc\stdafx.cpp">
      <Filter>Source Files\NLREMainSrc</Filter>
    </ClCompile>
    <ClCompile Include="..\src\RenderingDeviceSrc\NLREDeviceController.cpp">
      <Filter>Source Files\RenderingDeviceSrc</Filter>
    </ClCompile>
    <ClCompile Include="..\src\RenderingDeviceSrc\DX11Device\NLREDX11InputLayoutDescriptions.cpp">
      <Filter>Source Files\RenderingDeviceSrc\DX11Device</Filter>
    </ClCompile>
    <ClCompile Include="..\src\RenderingDeviceSrc\DX11Device\NLREDX11RenderingDevice.cpp">
      <Filter>Source Files\RenderingDeviceSrc\DX11Device</Filter>
    </ClCompile>
    <ClCompile Include="..\src\Container.cpp">
      <Filter>Source Files</Filter>
    </ClCompile>
    <ClCompile Include="..\src\NLRE.cpp">
      <Filter>Source Files</Filter>
    </ClCompile>
    <ClCompile Include="..\..\..\C++ Projects\NonLinearEngine_All_Versions\NonLinearEngine\NLE\main.cpp">
      <Filter>Source Files</Filter>
    </ClCompile>
    <ClCompile Include="..\src\RenderingDeviceSrc\NLREForwardRT.cpp">
      <Filter>Source Files\RenderingDeviceSrc</Filter>
    </ClCompile>
  </ItemGroup>
  <ItemGroup>
    <FxCompile Include="..\src\RenderingDeviceSrc\DX11Device\Shaders\DeferredGBuff_TextNormal_BlinnPhong_PS.hlsl">
      <Filter>Source Files\RenderingDeviceSrc\DX11Device\Shaders</Filter>
    </FxCompile>
    <FxCompile Include="..\src\RenderingDeviceSrc\DX11Device\Shaders\DeferredGBuff_TextNormal_BlinnPhong_VS.hlsl">
      <Filter>Source Files\RenderingDeviceSrc\DX11Device\Shaders</Filter>
    </FxCompile>
    <FxCompile Include="..\src\RenderingDeviceSrc\DX11Device\Shaders\Forward_PosText_PS.hlsl">
      <Filter>Source Files\RenderingDeviceSrc\DX11Device\Shaders</Filter>
    </FxCompile>
    <FxCompile Include="..\src\RenderingDeviceSrc\DX11Device\Shaders\Forward_PosText_VS.hlsl">
      <Filter>Source Files\RenderingDeviceSrc\DX11Device\Shaders</Filter>
    </FxCompile>
    <FxCompile Include="..\src\RenderingDeviceSrc\DX11Device\Shaders\Forward_Pos_VS.hlsl">
      <Filter>Source Files\RenderingDeviceSrc\DX11Device\Shaders</Filter>
    </FxCompile>
    <FxCompile Include="..\src\RenderingDeviceSrc\DX11Device\Shaders\Forward_Pos_PS.hlsl">
      <Filter>Source Files\RenderingDeviceSrc\DX11Device\Shaders</Filter>
    </FxCompile>
  </ItemGroup>
</Project>